
Microsoft Visual Studio Solution File, Format Version 12.00
# Visual Studio Version 17
VisualStudioVersion = 17.2.32616.157
MinimumVisualStudioVersion = 10.0.40219.1
Project("{9A19103F-16F7-4668-BE54-9A1E7A4F7556}") = "server", "server\server.csproj", "{040839D7-7F9B-42C4-B1FF-B7DE74C68845}"
EndProject
Project("{2150E333-8FDC-42A3-9474-1A3956D46DE8}") = "JSON", "JSON", "{949B80D3-1819-4249-B4F4-BA2669F102A8}"
	ProjectSection(SolutionItems) = preProject
		ConsumeJSON.cs = ConsumeJSON.cs
	EndProjectSection
EndProject
Global
	GlobalSection(SolutionConfigurationPlatforms) = preSolution
		Debug|Any CPU = Debug|Any CPU
		Release|Any CPU = Release|Any CPU
	EndGlobalSection
	GlobalSection(ProjectConfigurationPlatforms) = postSolution
		{040839D7-7F9B-42C4-B1FF-B7DE74C68845}.Debug|Any CPU.ActiveCfg = Debug|Any CPU
		{040839D7-7F9B-42C4-B1FF-B7DE74C68845}.Debug|Any CPU.Build.0 = Debug|Any CPU
		{040839D7-7F9B-42C4-B1FF-B7DE74C68845}.Release|Any CPU.ActiveCfg = Release|Any CPU
		{040839D7-7F9B-42C4-B1FF-B7DE74C68845}.Release|Any CPU.Build.0 = Release|Any CPU
	EndGlobalSection
	GlobalSection(SolutionProperties) = preSolution
		HideSolutionNode = FALSE
	EndGlobalSection
	GlobalSection(ExtensibilityGlobals) = postSolution
		SolutionGuid = {A47CBE86-1EA8-4CBA-92E3-939559A24BE2}
	EndGlobalSection
EndGlobal
